
Microsoft Visual Studio Solution File, Format Version 12.00
# Visual Studio Version 16
VisualStudioVersion = 25.0.1704.0
MinimumVisualStudioVersion = 10.0.40219.1
Project("{FAE04EC0-301F-11D3-BF4B-00C04F79EFBC}") = "ExponentsLab", "ExponentsLab\ExponentsLab.csproj", "{8C5747CE-13F2-43BA-A755-ADDFC4936D74}"
EndProject
Global
	GlobalSection(SolutionConfigurationPlatforms) = preSolution
		Debug|Any CPU = Debug|Any CPU
		Release|Any CPU = Release|Any CPU
	EndGlobalSection
	GlobalSection(ProjectConfigurationPlatforms) = postSolution
		{8C5747CE-13F2-43BA-A755-ADDFC4936D74}.Debug|Any CPU.ActiveCfg = Debug|Any CPU
		{8C5747CE-13F2-43BA-A755-ADDFC4936D74}.Debug|Any CPU.Build.0 = Debug|Any CPU
		{8C5747CE-13F2-43BA-A755-ADDFC4936D74}.Release|Any CPU.ActiveCfg = Release|Any CPU
		{8C5747CE-13F2-43BA-A755-ADDFC4936D74}.Release|Any CPU.Build.0 = Release|Any CPU
	EndGlobalSection
	GlobalSection(SolutionProperties) = preSolution
		HideSolutionNode = FALSE
	EndGlobalSection
	GlobalSection(ExtensibilityGlobals) = postSolution
		SolutionGuid = {BA6A77AD-0B6F-4ADD-9F0E-2170E28ED602}
	EndGlobalSection
EndGlobal
